
Microsoft Visual Studio Solution File, Format Version 12.00
# Visual Studio Version 17
VisualStudioVersion = 17.3.32929.385
MinimumVisualStudioVersion = 10.0.40219.1
Project("{FAE04EC0-301F-11D3-BF4B-00C04F79EFBC}") = "Ejercicio1IF", "EjerciciosSesion5\Ejercicio1IF.csproj", "{3D827D1A-F36F-46BB-8B50-4921CC7B3B7E}"
EndProject
Project("{FAE04EC0-301F-11D3-BF4B-00C04F79EFBC}") = "EjercicioSWITCH", "EjercicioSWITCH\EjercicioSWITCH.csproj", "{558F3995-A4EF-4D33-9DD8-8ED3BACA8EB7}"
EndProject
Global
	GlobalSection(SolutionConfigurationPlatforms) = preSolution
		Debug|Any CPU = Debug|Any CPU
		Release|Any CPU = Release|Any CPU
	EndGlobalSection
	GlobalSection(ProjectConfigurationPlatforms) = postSolution
		{3D827D1A-F36F-46BB-8B50-4921CC7B3B7E}.Debug|Any CPU.ActiveCfg = Debug|Any CPU
		{3D827D1A-F36F-46BB-8B50-4921CC7B3B7E}.Debug|Any CPU.Build.0 = Debug|Any CPU
		{3D827D1A-F36F-46BB-8B50-4921CC7B3B7E}.Release|Any CPU.ActiveCfg = Release|Any CPU
		{3D827D1A-F36F-46BB-8B50-4921CC7B3B7E}.Release|Any CPU.Build.0 = Release|Any CPU
		{558F3995-A4EF-4D33-9DD8-8ED3BACA8EB7}.Debug|Any CPU.ActiveCfg = Debug|Any CPU
		{558F3995-A4EF-4D33-9DD8-8ED3BACA8EB7}.Debug|Any CPU.Build.0 = Debug|Any CPU
		{558F3995-A4EF-4D33-9DD8-8ED3BACA8EB7}.Release|Any CPU.ActiveCfg = Release|Any CPU
		{558F3995-A4EF-4D33-9DD8-8ED3BACA8EB7}.Release|Any CPU.Build.0 = Release|Any CPU
	EndGlobalSection
	GlobalSection(SolutionProperties) = preSolution
		HideSolutionNode = FALSE
	EndGlobalSection
	GlobalSection(ExtensibilityGlobals) = postSolution
		SolutionGuid = {72EC18C3-59E0-4FCA-A18F-3909AAA08258}
	EndGlobalSection
EndGlobal
